
Microsoft Visual Studio Solution File, Format Version 12.00
# Visual Studio Version 17
VisualStudioVersion = 17.2.32616.157
MinimumVisualStudioVersion = 10.0.40219.1
Project("{FAE04EC0-301F-11D3-BF4B-00C04F79EFBC}") = "NetCoreServer-RPC", "NetCoreServer-RPC.csproj", "{D7734D92-B2CF-475B-89E1-C3C3071333B0}"
EndProject
Global
	GlobalSection(SolutionConfigurationPlatforms) = preSolution
		Debug|Any CPU = Debug|Any CPU
		Release|Any CPU = Release|Any CPU
	EndGlobalSection
	GlobalSection(ProjectConfigurationPlatforms) = postSolution
		{D7734D92-B2CF-475B-89E1-C3C3071333B0}.Debug|Any CPU.ActiveCfg = Debug|Any CPU
		{D7734D92-B2CF-475B-89E1-C3C3071333B0}.Debug|Any CPU.Build.0 = Debug|Any CPU
		{D7734D92-B2CF-475B-89E1-C3C3071333B0}.Release|Any CPU.ActiveCfg = Release|Any CPU
		{D7734D92-B2CF-475B-89E1-C3C3071333B0}.Release|Any CPU.Build.0 = Release|Any CPU
	EndGlobalSection
	GlobalSection(SolutionProperties) = preSolution
		HideSolutionNode = FALSE
	EndGlobalSection
	GlobalSection(ExtensibilityGlobals) = postSolution
		SolutionGuid = {B39BF4DD-C6C0-4DF2-9C6F-BE714678A165}
	EndGlobalSection
EndGlobal
